// !$*UTF8*$!
{
	archiveVersion = 1;
	classes = {
	};
	objectVersion = 77;
	objects = {

/* Begin PBXBuildFile section */
		7A0000000000000000000072 /* Sparkle in Frameworks */ = {isa = PBXBuildFile; productRef = 7A0000000000000000000071 /* Sparkle */; };
		7A0000000000000000000073 /* touchguard in Embed Command Line Tool */ = {isa = PBXBuildFile; fileRef = 7A0000000000000000000011 /* touchguard */; settings = {ATTRIBUTES = (CodeSignOnCopy, ); }; };
		7A0000000000000000000050 /* TouchGuardCore in Frameworks */ = {isa = PBXBuildFile; productRef = 7A0000000000000000000052 /* TouchGuardCore */; };
		7A0000000000000000000051 /* TouchGuardCore in Frameworks */ = {isa = PBXBuildFile; productRef = 7A0000000000000000000053 /* TouchGuardCore */; };
/* End PBXBuildFile section */

/* Begin PBXContainerItemProxy section */
		7A0000000000000000000075 /* PBXContainerItemProxy */ = {
			isa = PBXContainerItemProxy;
			containerPortal = 7A0000000000000000000001 /* Project object */;
			proxyType = 1;
			remoteGlobalIDString = 7A0000000000000000000031;
			remoteInfo = TouchGuardCLI;
		};
		7A0000000000000000000077 /* PBXContainerItemProxy */ = {
			isa = PBXContainerItemProxy;
			containerPortal = 7A0000000000000000000001 /* Project object */;
			proxyType = 1;
			remoteGlobalIDString = 7A0000000000000000000030;
			remoteInfo = TouchGuard;
		};
/* End PBXContainerItemProxy section */

/* Begin PBXCopyFilesBuildPhase section */
		7A0000000000000000000045 /* Embed Command Line Tool */ = {
			isa = PBXCopyFilesBuildPhase;
			buildActionMask = 2147483647;
			dstPath = Contents/Helpers;
			dstSubfolderSpec = 1;
			files = (
				7A0000000000000000000073 /* touchguard in Embed Command Line Tool */,
			);
			name = "Embed Command Line Tool";
			runOnlyForDeploymentPostprocessing = 0;
		};
/* End PBXCopyFilesBuildPhase section */

/* Begin PBXFileReference section */
		7A0000000000000000000010 /* TouchGuard.app */ = {isa = PBXFileReference; explicitFileType = wrapper.application; includeInIndex = 0; path = TouchGuard.app; sourceTree = BUILT_PRODUCTS_DIR; };
		7A0000000000000000000011 /* touchguard */ = {isa = PBXFileReference; explicitFileType = "compiled.mach-o.executable"; includeInIndex = 0; path = touchguard; sourceTree = BUILT_PRODUCTS_DIR; };
		7A0000000000000000000012 /* TouchGuardCore */ = {isa = PBXFileReference; lastKnownFileType = wrapper; path = TouchGuardCore; sourceTree = "<group>"; };
		7A0000000000000000000013 /* TouchGuardTests.xctest */ = {isa = PBXFileReference; explicitFileType = wrapper.cfbundle; includeInIndex = 0; path = TouchGuardTests.xctest; sourceTree = BUILT_PRODUCTS_DIR; };
/* End PBXFileReference section */

/* Begin PBXFileSystemSynchronizedBuildFileExceptionSet section */
		7A0000000000000000000022 /* Exceptions for "TouchGuardApp" folder in "TouchGuard" target */ = {
			isa = PBXFileSystemSynchronizedBuildFileExceptionSet;
			membershipExceptions = (
				TouchGuardApp.entitlements,
			);
			target = 7A0000000000000000000030 /* TouchGuard */;
		};
/* End PBXFileSystemSynchronizedBuildFileExceptionSet section */

/* Begin PBXFileSystemSynchronizedRootGroup section */
		7A0000000000000000000020 /* TouchGuardApp */ = {
			isa = PBXFileSystemSynchronizedRootGroup;
			exceptions = (
				7A0000000000000000000022 /* Exceptions for "TouchGuardApp" folder in "TouchGuard" target */,
			);
			path = TouchGuardApp;
			sourceTree = "<group>";
		};
		7A0000000000000000000021 /* TouchGuardCLI */ = {
			isa = PBXFileSystemSynchronizedRootGroup;
			path = TouchGuardCLI;
			sourceTree = "<group>";
		};
		7A0000000000000000000023 /* TouchGuardTests */ = {
			isa = PBXFileSystemSynchronizedRootGroup;
			path = TouchGuardTests;
			sourceTree = "<group>";
		};
/* End PBXFileSystemSynchronizedRootGroup section */

/* Begin PBXFrameworksBuildPhase section */
		7A0000000000000000000041 /* Frameworks */ = {
			isa = PBXFrameworksBuildPhase;
			buildActionMask = 2147483647;
			files = (
				7A0000000000000000000050 /* TouchGuardCore in Frameworks */,
				7A0000000000000000000072 /* Sparkle in Frameworks */,
			);
			runOnlyForDeploymentPostprocessing = 0;
		};
		7A0000000000000000000044 /* Frameworks */ = {
			isa = PBXFrameworksBuildPhase;
			buildActionMask = 2147483647;
			files = (
				7A0000000000000000000051 /* TouchGuardCore in Frameworks */,
			);
			runOnlyForDeploymentPostprocessing = 0;
		};
		7A0000000000000000000047 /* Frameworks */ = {
			isa = PBXFrameworksBuildPhase;
			buildActionMask = 2147483647;
			files = (
			);
			runOnlyForDeploymentPostprocessing = 0;
		};
/* End PBXFrameworksBuildPhase section */

/* Begin PBXGroup section */
		7A0000000000000000000002 = {
			isa = PBXGroup;
			children = (
				7A0000000000000000000012 /* TouchGuardCore */,
				7A0000000000000000000020 /* TouchGuardApp */,
				7A0000000000000000000021 /* TouchGuardCLI */,
				7A0000000000000000000023 /* TouchGuardTests */,
				7A0000000000000000000003 /* Products */,
			);
			sourceTree = "<group>";
		};
		7A0000000000000000000003 /* Products */ = {
			isa = PBXGroup;
			children = (
				7A0000000000000000000010 /* TouchGuard.app */,
				7A0000000000000000000011 /* touchguard */,
				7A0000000000000000000013 /* TouchGuardTests.xctest */,
			);
			name = Products;
			sourceTree = "<group>";
		};
/* End PBXGroup section */

/* Begin PBXNativeTarget section */
		7A0000000000000000000030 /* TouchGuard */ = {
			isa = PBXNativeTarget;
			buildConfigurationList = 7A0000000000000000000063 /* Build configuration list for PBXNativeTarget "TouchGuard" */;
			buildPhases = (
				7A0000000000000000000040 /* Sources */,
				7A0000000000000000000041 /* Frameworks */,
				7A0000000000000000000042 /* Resources */,
				7A0000000000000000000045 /* Embed Command Line Tool */,
			);
			buildRules = (
			);
			dependencies = (
				7A0000000000000000000074 /* PBXTargetDependency */,
			);
			fileSystemSynchronizedGroups = (
				7A0000000000000000000020 /* TouchGuardApp */,
			);
			name = TouchGuard;
			packageProductDependencies = (
				7A0000000000000000000052 /* TouchGuardCore */,
				7A0000000000000000000071 /* Sparkle */,
			);
			productName = TouchGuard;
			productReference = 7A0000000000000000000010 /* TouchGuard.app */;
			productType = "com.apple.product-type.application";
		};
		7A0000000000000000000031 /* TouchGuardCLI */ = {
			isa = PBXNativeTarget;
			buildConfigurationList = 7A0000000000000000000066 /* Build configuration list for PBXNativeTarget "TouchGuardCLI" */;
			buildPhases = (
				7A0000000000000000000043 /* Sources */,
				7A0000000000000000000044 /* Frameworks */,
			);
			buildRules = (
			);
			dependencies = (
			);
			fileSystemSynchronizedGroups = (
				7A0000000000000000000021 /* TouchGuardCLI */,
			);
			name = TouchGuardCLI;
			packageProductDependencies = (
				7A0000000000000000000053 /* TouchGuardCore */,
			);
			productName = touchguard;
			productReference = 7A0000000000000000000011 /* touchguard */;
			productType = "com.apple.product-type.tool";
		};
		7A0000000000000000000032 /* TouchGuardTests */ = {
			isa = PBXNativeTarget;
			buildConfigurationList = 7A0000000000000000000069 /* Build configuration list for PBXNativeTarget "TouchGuardTests" */;
			buildPhases = (
				7A0000000000000000000046 /* Sources */,
				7A0000000000000000000047 /* Frameworks */,
				7A0000000000000000000048 /* Resources */,
			);
			buildRules = (
			);
			dependencies = (
				7A0000000000000000000076 /* PBXTargetDependency */,
			);
			fileSystemSynchronizedGroups = (
				7A0000000000000000000023 /* TouchGuardTests */,
			);
			name = TouchGuardTests;
			productName = TouchGuardTests;
			productReference = 7A0000000000000000000013 /* TouchGuardTests.xctest */;
			productType = "com.apple.product-type.bundle.unit-test";
		};
/* End PBXNativeTarget section */

/* Begin PBXProject section */
		7A0000000000000000000001 /* Project object */ = {
			isa = PBXProject;
			attributes = {
				BuildIndependentTargetsInParallel = 1;
				LastSwiftUpdateCheck = 2700;
				LastUpgradeCheck = 2700;
				TargetAttributes = {
					7A0000000000000000000030 = {
						CreatedOnToolsVersion = 27.0;
					};
					7A0000000000000000000031 = {
						CreatedOnToolsVersion = 27.0;
					};
					7A0000000000000000000032 = {
						CreatedOnToolsVersion = 27.0;
						TestTargetID = 7A0000000000000000000030;
					};
				};
			};
			buildConfigurationList = 7A0000000000000000000060 /* Build configuration list for PBXProject "TouchGuard" */;
			developmentRegion = en;
			hasScannedForEncodings = 0;
			knownRegions = (
				en,
				Base,
			);
			mainGroup = 7A0000000000000000000002;
			minimizedProjectReferenceProxies = 1;
			packageReferences = (
				7A0000000000000000000054 /* XCLocalSwiftPackageReference "TouchGuardCore" */,
				7A0000000000000000000070 /* XCRemoteSwiftPackageReference "Sparkle" */,
			);
			preferredProjectObjectVersion = 77;
			productRefGroup = 7A0000000000000000000003 /* Products */;
			projectDirPath = "";
			projectRoot = "";
			targets = (
				7A0000000000000000000030 /* TouchGuard */,
				7A0000000000000000000031 /* TouchGuardCLI */,
				7A0000000000000000000032 /* TouchGuardTests */,
			);
		};
/* End PBXProject section */

/* Begin PBXResourcesBuildPhase section */
		7A0000000000000000000042 /* Resources */ = {
			isa = PBXResourcesBuildPhase;
			buildActionMask = 2147483647;
			files = (
			);
			runOnlyForDeploymentPostprocessing = 0;
		};
		7A0000000000000000000048 /* Resources */ = {
			isa = PBXResourcesBuildPhase;
			buildActionMask = 2147483647;
			files = (
			);
			runOnlyForDeploymentPostprocessing = 0;
		};
/* End PBXResourcesBuildPhase section */

/* Begin PBXSourcesBuildPhase section */
		7A0000000000000000000040 /* Sources */ = {
			isa = PBXSourcesBuildPhase;
			buildActionMask = 2147483647;
			files = (
			);
			runOnlyForDeploymentPostprocessing = 0;
		};
		7A0000000000000000000043 /* Sources */ = {
			isa = PBXSourcesBuildPhase;
			buildActionMask = 2147483647;
			files = (
			);
			runOnlyForDeploymentPostprocessing = 0;
		};
		7A0000000000000000000046 /* Sources */ = {
			isa = PBXSourcesBuildPhase;
			buildActionMask = 2147483647;
			files = (
			);
			runOnlyForDeploymentPostprocessing = 0;
		};
/* End PBXSourcesBuildPhase section */

/* Begin PBXTargetDependency section */
		7A0000000000000000000074 /* PBXTargetDependency */ = {
			isa = PBXTargetDependency;
			target = 7A0000000000000000000031 /* TouchGuardCLI */;
			targetProxy = 7A0000000000000000000075 /* PBXContainerItemProxy */;
		};
		7A0000000000000000000076 /* PBXTargetDependency */ = {
			isa = PBXTargetDependency;
			target = 7A0000000000000000000030 /* TouchGuard */;
			targetProxy = 7A0000000000000000000077 /* PBXContainerItemProxy */;
		};
/* End PBXTargetDependency section */

/* Begin XCBuildConfiguration section */
		7A0000000000000000000061 /* Debug */ = {
			isa = XCBuildConfiguration;
			buildSettings = {
				ALWAYS_SEARCH_USER_PATHS = NO;
				ASSETCATALOG_COMPILER_GENERATE_SWIFT_ASSET_SYMBOL_EXTENSIONS = YES;
				CLANG_ENABLE_MODULES = YES;
				CODE_SIGN_IDENTITY = "Apple Development";
				CODE_SIGN_STYLE = Manual;
				COPY_PHASE_STRIP = NO;
				DEAD_CODE_STRIPPING = YES;
				DEBUG_INFORMATION_FORMAT = dwarf;
				DEVELOPMENT_TEAM = ZUKW8RPUVQ;
				ENABLE_HARDENED_RUNTIME = YES;
				ENABLE_STRICT_OBJC_MSGSEND = YES;
				ENABLE_TESTABILITY = YES;
				ENABLE_USER_SCRIPT_SANDBOXING = YES;
				GCC_OPTIMIZATION_LEVEL = 0;
				LOCALIZATION_PREFERS_STRING_CATALOGS = YES;
				MACOSX_DEPLOYMENT_TARGET = 14.0;
				MARKETING_VERSION = 2.0.0;
				CURRENT_PROJECT_VERSION = 1;
				ONLY_ACTIVE_ARCH = YES;
				SDKROOT = macosx;
				STRING_CATALOG_GENERATE_SYMBOLS = YES;
				SWIFT_ACTIVE_COMPILATION_CONDITIONS = "DEBUG $(inherited)";
				SWIFT_OPTIMIZATION_LEVEL = "-Onone";
				SWIFT_VERSION = 6.0;
			};
			name = Debug;
		};
		7A0000000000000000000062 /* Release */ = {
			isa = XCBuildConfiguration;
			buildSettings = {
				ALWAYS_SEARCH_USER_PATHS = NO;
				ASSETCATALOG_COMPILER_GENERATE_SWIFT_ASSET_SYMBOL_EXTENSIONS = YES;
				CLANG_ENABLE_MODULES = YES;
				CODE_SIGN_IDENTITY = "Apple Development";
				CODE_SIGN_STYLE = Manual;
				COPY_PHASE_STRIP = NO;
				DEAD_CODE_STRIPPING = YES;
				DEBUG_INFORMATION_FORMAT = "dwarf-with-dsym";
				DEVELOPMENT_TEAM = ZUKW8RPUVQ;
				ENABLE_HARDENED_RUNTIME = YES;
				ENABLE_NS_ASSERTIONS = NO;
				ENABLE_STRICT_OBJC_MSGSEND = YES;
				ENABLE_USER_SCRIPT_SANDBOXING = YES;
				LOCALIZATION_PREFERS_STRING_CATALOGS = YES;
				MACOSX_DEPLOYMENT_TARGET = 14.0;
				MARKETING_VERSION = 2.0.0;
				CURRENT_PROJECT_VERSION = 1;
				SDKROOT = macosx;
				STRING_CATALOG_GENERATE_SYMBOLS = YES;
				SWIFT_COMPILATION_MODE = wholemodule;
				SWIFT_VERSION = 6.0;
			};
			name = Release;
		};
		7A0000000000000000000064 /* Debug */ = {
			isa = XCBuildConfiguration;
			buildSettings = {
				ASSETCATALOG_COMPILER_APPICON_NAME = AppIcon;
				ASSETCATALOG_COMPILER_GLOBAL_ACCENT_COLOR_NAME = AccentColor;
				CODE_SIGN_ENTITLEMENTS = TouchGuardApp/TouchGuardApp.entitlements;
				COMBINE_HIDPI_IMAGES = YES;
				ENABLE_APP_SANDBOX = NO;
				GENERATE_INFOPLIST_FILE = YES;
				INFOPLIST_KEY_CFBundleDisplayName = TouchGuard;
				INFOPLIST_KEY_LSApplicationCategoryType = "public.app-category.utilities";
				INFOPLIST_KEY_LSUIElement = YES;
				INFOPLIST_FILE = "Config/TouchGuard-Info.plist";
				INFOPLIST_KEY_NSHumanReadableCopyright = "© 2026 Scott Horn. Based on TouchGuard by SyntaxSoft (2016).";
				LD_RUNPATH_SEARCH_PATHS = (
					"$(inherited)",
					"@executable_path/../Frameworks",
				);
				PRODUCT_BUNDLE_IDENTIFIER = com.hornmicro.TouchGuard;
				PRODUCT_NAME = "$(TARGET_NAME)";
				SPARKLE_FEED_URL = "https://sjhorn.github.io/TouchGuard/appcast.xml";
				SPARKLE_PUBLIC_ED_KEY = "";
				SWIFT_EMIT_LOC_STRINGS = YES;
			};
			name = Debug;
		};
		7A0000000000000000000065 /* Release */ = {
			isa = XCBuildConfiguration;
			buildSettings = {
				ASSETCATALOG_COMPILER_APPICON_NAME = AppIcon;
				ASSETCATALOG_COMPILER_GLOBAL_ACCENT_COLOR_NAME = AccentColor;
				CODE_SIGN_ENTITLEMENTS = TouchGuardApp/TouchGuardApp.entitlements;
				COMBINE_HIDPI_IMAGES = YES;
				ENABLE_APP_SANDBOX = NO;
				GENERATE_INFOPLIST_FILE = YES;
				INFOPLIST_KEY_CFBundleDisplayName = TouchGuard;
				INFOPLIST_KEY_LSApplicationCategoryType = "public.app-category.utilities";
				INFOPLIST_KEY_LSUIElement = YES;
				INFOPLIST_FILE = "Config/TouchGuard-Info.plist";
				INFOPLIST_KEY_NSHumanReadableCopyright = "© 2026 Scott Horn. Based on TouchGuard by SyntaxSoft (2016).";
				LD_RUNPATH_SEARCH_PATHS = (
					"$(inherited)",
					"@executable_path/../Frameworks",
				);
				PRODUCT_BUNDLE_IDENTIFIER = com.hornmicro.TouchGuard;
				PRODUCT_NAME = "$(TARGET_NAME)";
				SPARKLE_FEED_URL = "https://sjhorn.github.io/TouchGuard/appcast.xml";
				SPARKLE_PUBLIC_ED_KEY = "";
				SWIFT_EMIT_LOC_STRINGS = YES;
			};
			name = Release;
		};
		7A0000000000000000000067 /* Debug */ = {
			isa = XCBuildConfiguration;
			buildSettings = {
				CREATE_INFOPLIST_SECTION_IN_BINARY = YES;
				GENERATE_INFOPLIST_FILE = YES;
				INFOPLIST_KEY_NSHumanReadableCopyright = "© 2026 Scott Horn. Based on TouchGuard by SyntaxSoft (2016).";
				PRODUCT_BUNDLE_IDENTIFIER = com.hornmicro.touchguard;
				PRODUCT_MODULE_NAME = TouchGuardCLI;
				PRODUCT_NAME = touchguard;
				SKIP_INSTALL = YES;
			};
			name = Debug;
		};
		7A0000000000000000000068 /* Release */ = {
			isa = XCBuildConfiguration;
			buildSettings = {
				CREATE_INFOPLIST_SECTION_IN_BINARY = YES;
				GENERATE_INFOPLIST_FILE = YES;
				INFOPLIST_KEY_NSHumanReadableCopyright = "© 2026 Scott Horn. Based on TouchGuard by SyntaxSoft (2016).";
				PRODUCT_BUNDLE_IDENTIFIER = com.hornmicro.touchguard;
				PRODUCT_MODULE_NAME = TouchGuardCLI;
				PRODUCT_NAME = touchguard;
				SKIP_INSTALL = YES;
			};
			name = Release;
		};
		7A000000000000000000006A /* Debug */ = {
			isa = XCBuildConfiguration;
			buildSettings = {
				BUNDLE_LOADER = "$(TEST_HOST)";
				GENERATE_INFOPLIST_FILE = YES;
				PRODUCT_BUNDLE_IDENTIFIER = com.hornmicro.TouchGuardTests;
				PRODUCT_NAME = "$(TARGET_NAME)";
				SWIFT_EMIT_LOC_STRINGS = NO;
				TEST_HOST = "$(BUILT_PRODUCTS_DIR)/TouchGuard.app/Contents/MacOS/TouchGuard";
			};
			name = Debug;
		};
		7A000000000000000000006B /* Release */ = {
			isa = XCBuildConfiguration;
			buildSettings = {
				BUNDLE_LOADER = "$(TEST_HOST)";
				GENERATE_INFOPLIST_FILE = YES;
				PRODUCT_BUNDLE_IDENTIFIER = com.hornmicro.TouchGuardTests;
				PRODUCT_NAME = "$(TARGET_NAME)";
				SWIFT_EMIT_LOC_STRINGS = NO;
				TEST_HOST = "$(BUILT_PRODUCTS_DIR)/TouchGuard.app/Contents/MacOS/TouchGuard";
			};
			name = Release;
		};
/* End XCBuildConfiguration section */

/* Begin XCConfigurationList section */
		7A0000000000000000000060 /* Build configuration list for PBXProject "TouchGuard" */ = {
			isa = XCConfigurationList;
			buildConfigurations = (
				7A0000000000000000000061 /* Debug */,
				7A0000000000000000000062 /* Release */,
			);
			defaultConfigurationIsVisible = 0;
			defaultConfigurationName = Release;
		};
		7A0000000000000000000063 /* Build configuration list for PBXNativeTarget "TouchGuard" */ = {
			isa = XCConfigurationList;
			buildConfigurations = (
				7A0000000000000000000064 /* Debug */,
				7A0000000000000000000065 /* Release */,
			);
			defaultConfigurationIsVisible = 0;
			defaultConfigurationName = Release;
		};
		7A0000000000000000000066 /* Build configuration list for PBXNativeTarget "TouchGuardCLI" */ = {
			isa = XCConfigurationList;
			buildConfigurations = (
				7A0000000000000000000067 /* Debug */,
				7A0000000000000000000068 /* Release */,
			);
			defaultConfigurationIsVisible = 0;
			defaultConfigurationName = Release;
		};
		7A0000000000000000000069 /* Build configuration list for PBXNativeTarget "TouchGuardTests" */ = {
			isa = XCConfigurationList;
			buildConfigurations = (
				7A000000000000000000006A /* Debug */,
				7A000000000000000000006B /* Release */,
			);
			defaultConfigurationIsVisible = 0;
			defaultConfigurationName = Release;
		};
/* End XCConfigurationList section */

/* Begin XCLocalSwiftPackageReference section */
		7A0000000000000000000054 /* XCLocalSwiftPackageReference "TouchGuardCore" */ = {
			isa = XCLocalSwiftPackageReference;
			relativePath = TouchGuardCore;
		};
/* End XCLocalSwiftPackageReference section */

/* Begin XCRemoteSwiftPackageReference section */
		7A0000000000000000000070 /* XCRemoteSwiftPackageReference "Sparkle" */ = {
			isa = XCRemoteSwiftPackageReference;
			repositoryURL = "https://github.com/sparkle-project/Sparkle";
			requirement = {
				kind = upToNextMajorVersion;
				minimumVersion = 2.7.0;
			};
		};
/* End XCRemoteSwiftPackageReference section */

/* Begin XCSwiftPackageProductDependency section */
		7A0000000000000000000052 /* TouchGuardCore */ = {
			isa = XCSwiftPackageProductDependency;
			productName = TouchGuardCore;
		};
		7A0000000000000000000053 /* TouchGuardCore */ = {
			isa = XCSwiftPackageProductDependency;
			productName = TouchGuardCore;
		};
		7A0000000000000000000071 /* Sparkle */ = {
			isa = XCSwiftPackageProductDependency;
			package = 7A0000000000000000000070 /* XCRemoteSwiftPackageReference "Sparkle" */;
			productName = Sparkle;
		};
/* End XCSwiftPackageProductDependency section */
	};
	rootObject = 7A0000000000000000000001 /* Project object */;
}
