// !$*UTF8*$!
{
	archiveVersion = 1;
	classes = {
	};
	objectVersion = 77;
	objects = {

/* Begin PBXBuildFile section */
		7A0000000000000000000050 /* TouchGuardCore in Frameworks */ = {isa = PBXBuildFile; productRef = 7A0000000000000000000052 /* TouchGuardCore */; };
		7A0000000000000000000051 /* TouchGuardCore in Frameworks */ = {isa = PBXBuildFile; productRef = 7A0000000000000000000053 /* TouchGuardCore */; };
/* End PBXBuildFile section */

/* Begin PBXFileReference section */
		7A0000000000000000000010 /* TouchGuard.app */ = {isa = PBXFileReference; explicitFileType = wrapper.application; includeInIndex = 0; path = TouchGuard.app; sourceTree = BUILT_PRODUCTS_DIR; };
		7A0000000000000000000011 /* touchguard */ = {isa = PBXFileReference; explicitFileType = "compiled.mach-o.executable"; includeInIndex = 0; path = touchguard; sourceTree = BUILT_PRODUCTS_DIR; };
		7A0000000000000000000012 /* TouchGuardCore */ = {isa = PBXFileReference; lastKnownFileType = wrapper; path = TouchGuardCore; sourceTree = "<group>"; };
/* End PBXFileReference section */

/* Begin PBXFileSystemSynchronizedBuildFileExceptionSet section */
		7A0000000000000000000022 /* Exceptions for "TouchGuardApp" folder in "TouchGuard" target */ = {
			isa = PBXFileSystemSynchronizedBuildFileExceptionSet;
			membershipExceptions = (
				TouchGuardApp.entitlements,
			);
			target = 7A0000000000000000000030 /* TouchGuard */;
		};
/* End PBXFileSystemSynchronizedBuildFileExceptionSet section */

/* Begin PBXFileSystemSynchronizedRootGroup section */
		7A0000000000000000000020 /* TouchGuardApp */ = {
			isa = PBXFileSystemSynchronizedRootGroup;
			exceptions = (
				7A0000000000000000000022 /* Exceptions for "TouchGuardApp" folder in "TouchGuard" target */,
			);
			path = TouchGuardApp;
			sourceTree = "<group>";
		};
		7A0000000000000000000021 /* TouchGuardCLI */ = {
			isa = PBXFileSystemSynchronizedRootGroup;
			path = TouchGuardCLI;
			sourceTree = "<group>";
		};
/* End PBXFileSystemSynchronizedRootGroup section */

/* Begin PBXFrameworksBuildPhase section */
		7A0000000000000000000041 /* Frameworks */ = {
			isa = PBXFrameworksBuildPhase;
			buildActionMask = 2147483647;
			files = (
				7A0000000000000000000050 /* TouchGuardCore in Frameworks */,
			);
			runOnlyForDeploymentPostprocessing = 0;
		};
		7A0000000000000000000044 /* Frameworks */ = {
			isa = PBXFrameworksBuildPhase;
			buildActionMask = 2147483647;
			files = (
				7A0000000000000000000051 /* TouchGuardCore in Frameworks */,
			);
			runOnlyForDeploymentPostprocessing = 0;
		};
/* End PBXFrameworksBuildPhase section */

/* Begin PBXGroup section */
		7A0000000000000000000002 = {
			isa = PBXGroup;
			children = (
				7A0000000000000000000012 /* TouchGuardCore */,
				7A0000000000000000000020 /* TouchGuardApp */,
				7A0000000000000000000021 /* TouchGuardCLI */,
				7A0000000000000000000003 /* Products */,
			);
			sourceTree = "<group>";
		};
		7A0000000000000000000003 /* Products */ = {
			isa = PBXGroup;
			children = (
				7A0000000000000000000010 /* TouchGuard.app */,
				7A0000000000000000000011 /* touchguard */,
			);
			name = Products;
			sourceTree = "<group>";
		};
/* End PBXGroup section */

/* Begin PBXNativeTarget section */
		7A0000000000000000000030 /* TouchGuard */ = {
			isa = PBXNativeTarget;
			buildConfigurationList = 7A0000000000000000000063 /* Build configuration list for PBXNativeTarget "TouchGuard" */;
			buildPhases = (
				7A0000000000000000000040 /* Sources */,
				7A0000000000000000000041 /* Frameworks */,
				7A0000000000000000000042 /* Resources */,
			);
			buildRules = (
			);
			dependencies = (
			);
			fileSystemSynchronizedGroups = (
				7A0000000000000000000020 /* TouchGuardApp */,
			);
			name = TouchGuard;
			packageProductDependencies = (
				7A0000000000000000000052 /* TouchGuardCore */,
			);
			productName = TouchGuard;
			productReference = 7A0000000000000000000010 /* TouchGuard.app */;
			productType = "com.apple.product-type.application";
		};
		7A0000000000000000000031 /* TouchGuardCLI */ = {
			isa = PBXNativeTarget;
			buildConfigurationList = 7A0000000000000000000066 /* Build configuration list for PBXNativeTarget "TouchGuardCLI" */;
			buildPhases = (
				7A0000000000000000000043 /* Sources */,
				7A0000000000000000000044 /* Frameworks */,
			);
			buildRules = (
			);
			dependencies = (
			);
			fileSystemSynchronizedGroups = (
				7A0000000000000000000021 /* TouchGuardCLI */,
			);
			name = TouchGuardCLI;
			packageProductDependencies = (
				7A0000000000000000000053 /* TouchGuardCore */,
			);
			productName = touchguard;
			productReference = 7A0000000000000000000011 /* touchguard */;
			productType = "com.apple.product-type.tool";
		};
/* End PBXNativeTarget section */

/* Begin PBXProject section */
		7A0000000000000000000001 /* Project object */ = {
			isa = PBXProject;
			attributes = {
				BuildIndependentTargetsInParallel = 1;
				LastSwiftUpdateCheck = 2700;
				LastUpgradeCheck = 2700;
				TargetAttributes = {
					7A0000000000000000000030 = {
						CreatedOnToolsVersion = 27.0;
					};
					7A0000000000000000000031 = {
						CreatedOnToolsVersion = 27.0;
					};
				};
			};
			buildConfigurationList = 7A0000000000000000000060 /* Build configuration list for PBXProject "TouchGuard" */;
			developmentRegion = en;
			hasScannedForEncodings = 0;
			knownRegions = (
				en,
				Base,
			);
			mainGroup = 7A0000000000000000000002;
			minimizedProjectReferenceProxies = 1;
			packageReferences = (
				7A0000000000000000000054 /* XCLocalSwiftPackageReference "TouchGuardCore" */,
			);
			preferredProjectObjectVersion = 77;
			productRefGroup = 7A0000000000000000000003 /* Products */;
			projectDirPath = "";
			projectRoot = "";
			targets = (
				7A0000000000000000000030 /* TouchGuard */,
				7A0000000000000000000031 /* TouchGuardCLI */,
			);
		};
/* End PBXProject section */

/* Begin PBXResourcesBuildPhase section */
		7A0000000000000000000042 /* Resources */ = {
			isa = PBXResourcesBuildPhase;
			buildActionMask = 2147483647;
			files = (
			);
			runOnlyForDeploymentPostprocessing = 0;
		};
/* End PBXResourcesBuildPhase section */

/* Begin PBXSourcesBuildPhase section */
		7A0000000000000000000040 /* Sources */ = {
			isa = PBXSourcesBuildPhase;
			buildActionMask = 2147483647;
			files = (
			);
			runOnlyForDeploymentPostprocessing = 0;
		};
		7A0000000000000000000043 /* Sources */ = {
			isa = PBXSourcesBuildPhase;
			buildActionMask = 2147483647;
			files = (
			);
			runOnlyForDeploymentPostprocessing = 0;
		};
/* End PBXSourcesBuildPhase section */

/* Begin XCBuildConfiguration section */
		7A0000000000000000000061 /* Debug */ = {
			isa = XCBuildConfiguration;
			buildSettings = {
				ALWAYS_SEARCH_USER_PATHS = NO;
				ASSETCATALOG_COMPILER_GENERATE_SWIFT_ASSET_SYMBOL_EXTENSIONS = YES;
				CLANG_ENABLE_MODULES = YES;
				CODE_SIGN_IDENTITY = "Apple Development";
				CODE_SIGN_STYLE = Manual;
				COPY_PHASE_STRIP = NO;
				DEAD_CODE_STRIPPING = YES;
				DEBUG_INFORMATION_FORMAT = dwarf;
				DEVELOPMENT_TEAM = ZUKW8RPUVQ;
				ENABLE_HARDENED_RUNTIME = YES;
				ENABLE_STRICT_OBJC_MSGSEND = YES;
				ENABLE_TESTABILITY = YES;
				ENABLE_USER_SCRIPT_SANDBOXING = YES;
				GCC_OPTIMIZATION_LEVEL = 0;
				LOCALIZATION_PREFERS_STRING_CATALOGS = YES;
				MACOSX_DEPLOYMENT_TARGET = 14.0;
				MARKETING_VERSION = 2.0;
				CURRENT_PROJECT_VERSION = 1;
				ONLY_ACTIVE_ARCH = YES;
				SDKROOT = macosx;
				STRING_CATALOG_GENERATE_SYMBOLS = YES;
				SWIFT_ACTIVE_COMPILATION_CONDITIONS = "DEBUG $(inherited)";
				SWIFT_OPTIMIZATION_LEVEL = "-Onone";
				SWIFT_VERSION = 6.0;
			};
			name = Debug;
		};
		7A0000000000000000000062 /* Release */ = {
			isa = XCBuildConfiguration;
			buildSettings = {
				ALWAYS_SEARCH_USER_PATHS = NO;
				ASSETCATALOG_COMPILER_GENERATE_SWIFT_ASSET_SYMBOL_EXTENSIONS = YES;
				CLANG_ENABLE_MODULES = YES;
				CODE_SIGN_IDENTITY = "Apple Development";
				CODE_SIGN_STYLE = Manual;
				COPY_PHASE_STRIP = NO;
				DEAD_CODE_STRIPPING = YES;
				DEBUG_INFORMATION_FORMAT = "dwarf-with-dsym";
				DEVELOPMENT_TEAM = ZUKW8RPUVQ;
				ENABLE_HARDENED_RUNTIME = YES;
				ENABLE_NS_ASSERTIONS = NO;
				ENABLE_STRICT_OBJC_MSGSEND = YES;
				ENABLE_USER_SCRIPT_SANDBOXING = YES;
				LOCALIZATION_PREFERS_STRING_CATALOGS = YES;
				MACOSX_DEPLOYMENT_TARGET = 14.0;
				MARKETING_VERSION = 2.0;
				CURRENT_PROJECT_VERSION = 1;
				SDKROOT = macosx;
				STRING_CATALOG_GENERATE_SYMBOLS = YES;
				SWIFT_COMPILATION_MODE = wholemodule;
				SWIFT_VERSION = 6.0;
			};
			name = Release;
		};
		7A0000000000000000000064 /* Debug */ = {
			isa = XCBuildConfiguration;
			buildSettings = {
				ASSETCATALOG_COMPILER_APPICON_NAME = AppIcon;
				ASSETCATALOG_COMPILER_GLOBAL_ACCENT_COLOR_NAME = AccentColor;
				CODE_SIGN_ENTITLEMENTS = TouchGuardApp/TouchGuardApp.entitlements;
				COMBINE_HIDPI_IMAGES = YES;
				ENABLE_APP_SANDBOX = YES;
				GENERATE_INFOPLIST_FILE = YES;
				INFOPLIST_KEY_CFBundleDisplayName = TouchGuard;
				INFOPLIST_KEY_LSApplicationCategoryType = "public.app-category.utilities";
				INFOPLIST_KEY_LSUIElement = YES;
				INFOPLIST_KEY_NSHumanReadableCopyright = "Based on TouchGuard © 2016 SyntaxSoft.";
				LD_RUNPATH_SEARCH_PATHS = (
					"$(inherited)",
					"@executable_path/../Frameworks",
				);
				PRODUCT_BUNDLE_IDENTIFIER = com.hornmicro.TouchGuard.spike;
				PRODUCT_NAME = "$(TARGET_NAME)";
				SWIFT_EMIT_LOC_STRINGS = YES;
			};
			name = Debug;
		};
		7A0000000000000000000065 /* Release */ = {
			isa = XCBuildConfiguration;
			buildSettings = {
				ASSETCATALOG_COMPILER_APPICON_NAME = AppIcon;
				ASSETCATALOG_COMPILER_GLOBAL_ACCENT_COLOR_NAME = AccentColor;
				CODE_SIGN_ENTITLEMENTS = TouchGuardApp/TouchGuardApp.entitlements;
				COMBINE_HIDPI_IMAGES = YES;
				ENABLE_APP_SANDBOX = YES;
				GENERATE_INFOPLIST_FILE = YES;
				INFOPLIST_KEY_CFBundleDisplayName = TouchGuard;
				INFOPLIST_KEY_LSApplicationCategoryType = "public.app-category.utilities";
				INFOPLIST_KEY_LSUIElement = YES;
				INFOPLIST_KEY_NSHumanReadableCopyright = "Based on TouchGuard © 2016 SyntaxSoft.";
				LD_RUNPATH_SEARCH_PATHS = (
					"$(inherited)",
					"@executable_path/../Frameworks",
				);
				PRODUCT_BUNDLE_IDENTIFIER = com.hornmicro.TouchGuard.spike;
				PRODUCT_NAME = "$(TARGET_NAME)";
				SWIFT_EMIT_LOC_STRINGS = YES;
			};
			name = Release;
		};
		7A0000000000000000000067 /* Debug */ = {
			isa = XCBuildConfiguration;
			buildSettings = {
				PRODUCT_BUNDLE_IDENTIFIER = com.hornmicro.touchguard;
				PRODUCT_NAME = touchguard;
			};
			name = Debug;
		};
		7A0000000000000000000068 /* Release */ = {
			isa = XCBuildConfiguration;
			buildSettings = {
				PRODUCT_BUNDLE_IDENTIFIER = com.hornmicro.touchguard;
				PRODUCT_NAME = touchguard;
			};
			name = Release;
		};
/* End XCBuildConfiguration section */

/* Begin XCConfigurationList section */
		7A0000000000000000000060 /* Build configuration list for PBXProject "TouchGuard" */ = {
			isa = XCConfigurationList;
			buildConfigurations = (
				7A0000000000000000000061 /* Debug */,
				7A0000000000000000000062 /* Release */,
			);
			defaultConfigurationIsVisible = 0;
			defaultConfigurationName = Release;
		};
		7A0000000000000000000063 /* Build configuration list for PBXNativeTarget "TouchGuard" */ = {
			isa = XCConfigurationList;
			buildConfigurations = (
				7A0000000000000000000064 /* Debug */,
				7A0000000000000000000065 /* Release */,
			);
			defaultConfigurationIsVisible = 0;
			defaultConfigurationName = Release;
		};
		7A0000000000000000000066 /* Build configuration list for PBXNativeTarget "TouchGuardCLI" */ = {
			isa = XCConfigurationList;
			buildConfigurations = (
				7A0000000000000000000067 /* Debug */,
				7A0000000000000000000068 /* Release */,
			);
			defaultConfigurationIsVisible = 0;
			defaultConfigurationName = Release;
		};
/* End XCConfigurationList section */

/* Begin XCLocalSwiftPackageReference section */
		7A0000000000000000000054 /* XCLocalSwiftPackageReference "TouchGuardCore" */ = {
			isa = XCLocalSwiftPackageReference;
			relativePath = TouchGuardCore;
		};
/* End XCLocalSwiftPackageReference section */

/* Begin XCSwiftPackageProductDependency section */
		7A0000000000000000000052 /* TouchGuardCore */ = {
			isa = XCSwiftPackageProductDependency;
			productName = TouchGuardCore;
		};
		7A0000000000000000000053 /* TouchGuardCore */ = {
			isa = XCSwiftPackageProductDependency;
			productName = TouchGuardCore;
		};
/* End XCSwiftPackageProductDependency section */
	};
	rootObject = 7A0000000000000000000001 /* Project object */;
}
